
Microsoft Visual Studio Solution File, Format Version 12.00
# Visual Studio 2012
Project("{8BC9CEB8-8B4A-11D0-8D11-00A0C91BC942}") = "db_team07", "db_team07.vcxproj", "{A75EE9B0-D1F0-4E2C-8D18-81564E9E3005}"
EndProject
Project("{8BC9CEB8-8B4A-11D0-8D11-00A0C91BC942}") = "test", "test\test.vcxproj", "{F574E88B-8401-4F63-9810-D37891A33FD8}"
EndProject
Global
	GlobalSection(SolutionConfigurationPlatforms) = preSolution
		Debug|Win32 = Debug|Win32
		Release|Win32 = Release|Win32
	EndGlobalSection
	GlobalSection(ProjectConfigurationPlatforms) = postSolution
		{A75EE9B0-D1F0-4E2C-8D18-81564E9E3005}.Debug|Win32.ActiveCfg = Debug|Win32
		{A75EE9B0-D1F0-4E2C-8D18-81564E9E3005}.Debug|Win32.Build.0 = Debug|Win32
		{A75EE9B0-D1F0-4E2C-8D18-81564E9E3005}.Release|Win32.ActiveCfg = Release|Win32
		{A75EE9B0-D1F0-4E2C-8D18-81564E9E3005}.Release|Win32.Build.0 = Release|Win32
		{F574E88B-8401-4F63-9810-D37891A33FD8}.Debug|Win32.ActiveCfg = Debug|Win32
		{F574E88B-8401-4F63-9810-D37891A33FD8}.Debug|Win32.Build.0 = Debug|Win32
		{F574E88B-8401-4F63-9810-D37891A33FD8}.Release|Win32.ActiveCfg = Release|Win32
		{F574E88B-8401-4F63-9810-D37891A33FD8}.Release|Win32.Build.0 = Release|Win32
	EndGlobalSection
	GlobalSection(SolutionProperties) = preSolution
		HideSolutionNode = FALSE
	EndGlobalSection
EndGlobal
